
Microsoft Visual Studio Solution File, Format Version 12.00
# Visual Studio Version 17
VisualStudioVersion = 17.5.002.0
MinimumVisualStudioVersion = 10.0.40219.1
Project("{9A19103F-16F7-4668-BE54-9A1E7A4F7556}") = "arktikaBackendTest", "arktikaBackendTest.csproj", "{2670E95D-ED9E-4F38-A682-463DD0465979}"
EndProject
Global
	GlobalSection(SolutionConfigurationPlatforms) = preSolution
		Debug|Any CPU = Debug|Any CPU
		Release|Any CPU = Release|Any CPU
	EndGlobalSection
	GlobalSection(ProjectConfigurationPlatforms) = postSolution
		{2670E95D-ED9E-4F38-A682-463DD0465979}.Debug|Any CPU.ActiveCfg = Debug|Any CPU
		{2670E95D-ED9E-4F38-A682-463DD0465979}.Debug|Any CPU.Build.0 = Debug|Any CPU
		{2670E95D-ED9E-4F38-A682-463DD0465979}.Release|Any CPU.ActiveCfg = Release|Any CPU
		{2670E95D-ED9E-4F38-A682-463DD0465979}.Release|Any CPU.Build.0 = Release|Any CPU
	EndGlobalSection
	GlobalSection(SolutionProperties) = preSolution
		HideSolutionNode = FALSE
	EndGlobalSection
	GlobalSection(ExtensibilityGlobals) = postSolution
		SolutionGuid = {17901D54-71C5-4AF7-9E2E-5B8DC65BC736}
	EndGlobalSection
EndGlobal
